// !$*UTF8*$!
{
	archiveVersion = 1;
	classes = {
	};
	objectVersion = 56;
	objects = {

/* Begin PBXBuildFile section */
		070915992B8432C2004C6A57 /* Detail.swift in Sources */ = {isa = PBXBuildFile; fileRef = 070915982B8432C2004C6A57 /* Detail.swift */; };
		0773E81B2B83AC2A00D31534 /* Home.swift in Sources */ = {isa = PBXBuildFile; fileRef = 0773E81A2B83AC2A00D31534 /* Home.swift */; };
		079390142B842648008A1B04 /* ActivitiesTab.swift in Sources */ = {isa = PBXBuildFile; fileRef = 079390132B842647008A1B04 /* ActivitiesTab.swift */; };
		079390162B8429CD008A1B04 /* BottomView.swift in Sources */ = {isa = PBXBuildFile; fileRef = 079390152B8429CD008A1B04 /* BottomView.swift */; };
		07FA33692B7EEAC9007962BF /* MobileAppApp.swift in Sources */ = {isa = PBXBuildFile; fileRef = 07FA33682B7EEAC9007962BF /* MobileAppApp.swift */; };
		07FA336B2B7EEAC9007962BF /* ContentView.swift in Sources */ = {isa = PBXBuildFile; fileRef = 07FA336A2B7EEAC9007962BF /* ContentView.swift */; };
		07FA336D2B7EEAD2007962BF /* Assets.xcassets in Resources */ = {isa = PBXBuildFile; fileRef = 07FA336C2B7EEAD2007962BF /* Assets.xcassets */; };
		07FA33712B7EEAD2007962BF /* Preview Assets.xcassets in Resources */ = {isa = PBXBuildFile; fileRef = 07FA33702B7EEAD2007962BF /* Preview Assets.xcassets */; };
		07FA337B2B7EEAD3007962BF /* MobileAppTests.swift in Sources */ = {isa = PBXBuildFile; fileRef = 07FA337A2B7EEAD3007962BF /* MobileAppTests.swift */; };
		07FA33852B7EEAD3007962BF /* MobileAppUITests.swift in Sources */ = {isa = PBXBuildFile; fileRef = 07FA33842B7EEAD3007962BF /* MobileAppUITests.swift */; };
		07FA33872B7EEAD3007962BF /* MobileAppUITestsLaunchTests.swift in Sources */ = {isa = PBXBuildFile; fileRef = 07FA33862B7EEAD3007962BF /* MobileAppUITestsLaunchTests.swift */; };
		A90D5AB22B84BD5F002D5904 /* detailBottom.swift in Sources */ = {isa = PBXBuildFile; fileRef = A90D5AB12B84BD5F002D5904 /* detailBottom.swift */; };
		A90D5AB42B84C113002D5904 /* Rounded.swift in Sources */ = {isa = PBXBuildFile; fileRef = A90D5AB32B84C113002D5904 /* Rounded.swift */; };
		A9BDD2BE2B83DCAC002102D2 /* ExperiencesTab.swift in Sources */ = {isa = PBXBuildFile; fileRef = A9BDD2BD2B83DCAC002102D2 /* ExperiencesTab.swift */; };
		A9BDD2C02B83DD1A002102D2 /* Model.swift in Sources */ = {isa = PBXBuildFile; fileRef = A9BDD2BF2B83DD1A002102D2 /* Model.swift */; };
		A9BDD2C22B83DD6A002102D2 /* AdventuresTab.swift in Sources */ = {isa = PBXBuildFile; fileRef = A9BDD2C12B83DD6A002102D2 /* AdventuresTab.swift */; };
		A9D298C02B80309100AE5B29 /* ContentView.swift in Sources */ = {isa = PBXBuildFile; fileRef = A9D298BF2B80309100AE5B29 /* ContentView.swift */; };
/* End PBXBuildFile section */

/* Begin PBXContainerItemProxy section */
		07FA33772B7EEAD3007962BF /* PBXContainerItemProxy */ = {
			isa = PBXContainerItemProxy;
			containerPortal = 07FA335D2B7EEAC8007962BF /* Project object */;
			proxyType = 1;
			remoteGlobalIDString = 07FA33642B7EEAC8007962BF;
			remoteInfo = MobileApp;
		};
		07FA33812B7EEAD3007962BF /* PBXContainerItemProxy */ = {
			isa = PBXContainerItemProxy;
			containerPortal = 07FA335D2B7EEAC8007962BF /* Project object */;
			proxyType = 1;
			remoteGlobalIDString = 07FA33642B7EEAC8007962BF;
			remoteInfo = MobileApp;
		};
/* End PBXContainerItemProxy section */

/* Begin PBXFileReference section */
		070915982B8432C2004C6A57 /* Detail.swift */ = {isa = PBXFileReference; lastKnownFileType = sourcecode.swift; path = Detail.swift; sourceTree = "<group>"; };
		0773E81A2B83AC2A00D31534 /* Home.swift */ = {isa = PBXFileReference; lastKnownFileType = sourcecode.swift; path = Home.swift; sourceTree = "<group>"; };
		079390132B842647008A1B04 /* ActivitiesTab.swift */ = {isa = PBXFileReference; lastKnownFileType = sourcecode.swift; path = ActivitiesTab.swift; sourceTree = "<group>"; };
		079390152B8429CD008A1B04 /* BottomView.swift */ = {isa = PBXFileReference; lastKnownFileType = sourcecode.swift; path = BottomView.swift; sourceTree = "<group>"; };
		07FA33652B7EEAC9007962BF /* MobileApp.app */ = {isa = PBXFileReference; explicitFileType = wrapper.application; includeInIndex = 0; path = MobileApp.app; sourceTree = BUILT_PRODUCTS_DIR; };
		07FA33682B7EEAC9007962BF /* MobileAppApp.swift */ = {isa = PBXFileReference; lastKnownFileType = sourcecode.swift; path = MobileAppApp.swift; sourceTree = "<group>"; };
		07FA336A2B7EEAC9007962BF /* ContentView.swift */ = {isa = PBXFileReference; lastKnownFileType = sourcecode.swift; path = ContentView.swift; sourceTree = "<group>"; };
		07FA336C2B7EEAD2007962BF /* Assets.xcassets */ = {isa = PBXFileReference; lastKnownFileType = folder.assetcatalog; path = Assets.xcassets; sourceTree = "<group>"; };
		07FA336E2B7EEAD2007962BF /* MobileApp.entitlements */ = {isa = PBXFileReference; lastKnownFileType = text.plist.entitlements; path = MobileApp.entitlements; sourceTree = "<group>"; };
		07FA33702B7EEAD2007962BF /* Preview Assets.xcassets */ = {isa = PBXFileReference; lastKnownFileType = folder.assetcatalog; path = "Preview Assets.xcassets"; sourceTree = "<group>"; };
		07FA33762B7EEAD3007962BF /* MobileAppTests.xctest */ = {isa = PBXFileReference; explicitFileType = wrapper.cfbundle; includeInIndex = 0; path = MobileAppTests.xctest; sourceTree = BUILT_PRODUCTS_DIR; };
		07FA337A2B7EEAD3007962BF /* MobileAppTests.swift */ = {isa = PBXFileReference; lastKnownFileType = sourcecode.swift; path = MobileAppTests.swift; sourceTree = "<group>"; };
		07FA33802B7EEAD3007962BF /* MobileAppUITests.xctest */ = {isa = PBXFileReference; explicitFileType = wrapper.cfbundle; includeInIndex = 0; path = MobileAppUITests.xctest; sourceTree = BUILT_PRODUCTS_DIR; };
		07FA33842B7EEAD3007962BF /* MobileAppUITests.swift */ = {isa = PBXFileReference; lastKnownFileType = sourcecode.swift; path = MobileAppUITests.swift; sourceTree = "<group>"; };
		07FA33862B7EEAD3007962BF /* MobileAppUITestsLaunchTests.swift */ = {isa = PBXFileReference; lastKnownFileType = sourcecode.swift; path = MobileAppUITestsLaunchTests.swift; sourceTree = "<group>"; };
		A90D5AB12B84BD5F002D5904 /* detailBottom.swift */ = {isa = PBXFileReference; lastKnownFileType = sourcecode.swift; path = detailBottom.swift; sourceTree = "<group>"; };
		A90D5AB32B84C113002D5904 /* Rounded.swift */ = {isa = PBXFileReference; lastKnownFileType = sourcecode.swift; path = Rounded.swift; sourceTree = "<group>"; };
		A9BDD2BD2B83DCAC002102D2 /* ExperiencesTab.swift */ = {isa = PBXFileReference; lastKnownFileType = sourcecode.swift; path = ExperiencesTab.swift; sourceTree = "<group>"; };
		A9BDD2BF2B83DD1A002102D2 /* Model.swift */ = {isa = PBXFileReference; lastKnownFileType = sourcecode.swift; path = Model.swift; sourceTree = "<group>"; };
		A9BDD2C12B83DD6A002102D2 /* AdventuresTab.swift */ = {isa = PBXFileReference; lastKnownFileType = sourcecode.swift; path = AdventuresTab.swift; sourceTree = "<group>"; };
		A9D298BF2B80309100AE5B29 /* ContentView.swift */ = {isa = PBXFileReference; lastKnownFileType = sourcecode.swift; path = ContentView.swift; sourceTree = "<group>"; };
/* End PBXFileReference section */

/* Begin PBXFrameworksBuildPhase section */
		07FA33622B7EEAC8007962BF /* Frameworks */ = {
			isa = PBXFrameworksBuildPhase;
			buildActionMask = 2147483647;
			files = (
			);
			runOnlyForDeploymentPostprocessing = 0;
		};
		07FA33732B7EEAD3007962BF /* Frameworks */ = {
			isa = PBXFrameworksBuildPhase;
			buildActionMask = 2147483647;
			files = (
			);
			runOnlyForDeploymentPostprocessing = 0;
		};
		07FA337D2B7EEAD3007962BF /* Frameworks */ = {
			isa = PBXFrameworksBuildPhase;
			buildActionMask = 2147483647;
			files = (
			);
			runOnlyForDeploymentPostprocessing = 0;
		};
/* End PBXFrameworksBuildPhase section */

/* Begin PBXGroup section */
		07FA335C2B7EEAC8007962BF = {
			isa = PBXGroup;
			children = (
				07FA33672B7EEAC9007962BF /* MobileApp */,
				07FA33792B7EEAD3007962BF /* MobileAppTests */,
				07FA33832B7EEAD3007962BF /* MobileAppUITests */,
				07FA33662B7EEAC9007962BF /* Products */,
			);
			sourceTree = "<group>";
		};
		07FA33662B7EEAC9007962BF /* Products */ = {
			isa = PBXGroup;
			children = (
				07FA33652B7EEAC9007962BF /* MobileApp.app */,
				07FA33762B7EEAD3007962BF /* MobileAppTests.xctest */,
				07FA33802B7EEAD3007962BF /* MobileAppUITests.xctest */,
			);
			name = Products;
			sourceTree = "<group>";
		};
		07FA33672B7EEAC9007962BF /* MobileApp */ = {
			isa = PBXGroup;
			children = (
				07FA33682B7EEAC9007962BF /* MobileAppApp.swift */,
				07FA336A2B7EEAC9007962BF /* ContentView.swift */,
				07FA336C2B7EEAD2007962BF /* Assets.xcassets */,
				07FA336E2B7EEAD2007962BF /* MobileApp.entitlements */,
				07FA336F2B7EEAD2007962BF /* Preview Content */,
				0773E81A2B83AC2A00D31534 /* Home.swift */,
				A9BDD2BD2B83DCAC002102D2 /* ExperiencesTab.swift */,
				A9BDD2BF2B83DD1A002102D2 /* Model.swift */,
				A9BDD2C12B83DD6A002102D2 /* AdventuresTab.swift */,
				079390132B842647008A1B04 /* ActivitiesTab.swift */,
				079390152B8429CD008A1B04 /* BottomView.swift */,
				070915982B8432C2004C6A57 /* Detail.swift */,
				A90D5AB12B84BD5F002D5904 /* detailBottom.swift */,
				A90D5AB32B84C113002D5904 /* Rounded.swift */,
			);
			path = MobileApp;
			sourceTree = "<group>";
		};
		07FA336F2B7EEAD2007962BF /* Preview Content */ = {
			isa = PBXGroup;
			children = (
				07FA33702B7EEAD2007962BF /* Preview Assets.xcassets */,
			);
			path = "Preview Content";
			sourceTree = "<group>";
		};
		07FA33792B7EEAD3007962BF /* MobileAppTests */ = {
			isa = PBXGroup;
			children = (
				07FA337A2B7EEAD3007962BF /* MobileAppTests.swift */,
			);
			path = MobileAppTests;
			sourceTree = "<group>";
		};
		07FA33832B7EEAD3007962BF /* MobileAppUITests */ = {
			isa = PBXGroup;
			children = (
				07FA33842B7EEAD3007962BF /* MobileAppUITests.swift */,
				07FA33862B7EEAD3007962BF /* MobileAppUITestsLaunchTests.swift */,
				A9D298BF2B80309100AE5B29 /* ContentView.swift */,
			);
			path = MobileAppUITests;
			sourceTree = "<group>";
		};
/* End PBXGroup section */

/* Begin PBXNativeTarget section */
		07FA33642B7EEAC8007962BF /* MobileApp */ = {
			isa = PBXNativeTarget;
			buildConfigurationList = 07FA338A2B7EEAD3007962BF /* Build configuration list for PBXNativeTarget "MobileApp" */;
			buildPhases = (
				07FA33612B7EEAC8007962BF /* Sources */,
				07FA33622B7EEAC8007962BF /* Frameworks */,
				07FA33632B7EEAC8007962BF /* Resources */,
			);
			buildRules = (
			);
			dependencies = (
			);
			name = MobileApp;
			productName = MobileApp;
			productReference = 07FA33652B7EEAC9007962BF /* MobileApp.app */;
			productType = "com.apple.product-type.application";
		};
		07FA33752B7EEAD3007962BF /* MobileAppTests */ = {
			isa = PBXNativeTarget;
			buildConfigurationList = 07FA338D2B7EEAD3007962BF /* Build configuration list for PBXNativeTarget "MobileAppTests" */;
			buildPhases = (
				07FA33722B7EEAD3007962BF /* Sources */,
				07FA33732B7EEAD3007962BF /* Frameworks */,
				07FA33742B7EEAD3007962BF /* Resources */,
			);
			buildRules = (
			);
			dependencies = (
				07FA33782B7EEAD3007962BF /* PBXTargetDependency */,
			);
			name = MobileAppTests;
			productName = MobileAppTests;
			productReference = 07FA33762B7EEAD3007962BF /* MobileAppTests.xctest */;
			productType = "com.apple.product-type.bundle.unit-test";
		};
		07FA337F2B7EEAD3007962BF /* MobileAppUITests */ = {
			isa = PBXNativeTarget;
			buildConfigurationList = 07FA33902B7EEAD3007962BF /* Build configuration list for PBXNativeTarget "MobileAppUITests" */;
			buildPhases = (
				07FA337C2B7EEAD3007962BF /* Sources */,
				07FA337D2B7EEAD3007962BF /* Frameworks */,
				07FA337E2B7EEAD3007962BF /* Resources */,
			);
			buildRules = (
			);
			dependencies = (
				07FA33822B7EEAD3007962BF /* PBXTargetDependency */,
			);
			name = MobileAppUITests;
			productName = MobileAppUITests;
			productReference = 07FA33802B7EEAD3007962BF /* MobileAppUITests.xctest */;
			productType = "com.apple.product-type.bundle.ui-testing";
		};
/* End PBXNativeTarget section */

/* Begin PBXProject section */
		07FA335D2B7EEAC8007962BF /* Project object */ = {
			isa = PBXProject;
			attributes = {
				BuildIndependentTargetsInParallel = 1;
				LastSwiftUpdateCheck = 1430;
				LastUpgradeCheck = 1430;
				TargetAttributes = {
					07FA33642B7EEAC8007962BF = {
						CreatedOnToolsVersion = 14.3.1;
					};
					07FA33752B7EEAD3007962BF = {
						CreatedOnToolsVersion = 14.3.1;
						TestTargetID = 07FA33642B7EEAC8007962BF;
					};
					07FA337F2B7EEAD3007962BF = {
						CreatedOnToolsVersion = 14.3.1;
						TestTargetID = 07FA33642B7EEAC8007962BF;
					};
				};
			};
			buildConfigurationList = 07FA33602B7EEAC8007962BF /* Build configuration list for PBXProject "MobileApp" */;
			compatibilityVersion = "Xcode 14.0";
			developmentRegion = en;
			hasScannedForEncodings = 0;
			knownRegions = (
				en,
				Base,
			);
			mainGroup = 07FA335C2B7EEAC8007962BF;
			productRefGroup = 07FA33662B7EEAC9007962BF /* Products */;
			projectDirPath = "";
			projectRoot = "";
			targets = (
				07FA33642B7EEAC8007962BF /* MobileApp */,
				07FA33752B7EEAD3007962BF /* MobileAppTests */,
				07FA337F2B7EEAD3007962BF /* MobileAppUITests */,
			);
		};
/* End PBXProject section */

/* Begin PBXResourcesBuildPhase section */
		07FA33632B7EEAC8007962BF /* Resources */ = {
			isa = PBXResourcesBuildPhase;
			buildActionMask = 2147483647;
			files = (
				07FA33712B7EEAD2007962BF /* Preview Assets.xcassets in Resources */,
				07FA336D2B7EEAD2007962BF /* Assets.xcassets in Resources */,
			);
			runOnlyForDeploymentPostprocessing = 0;
		};
		07FA33742B7EEAD3007962BF /* Resources */ = {
			isa = PBXResourcesBuildPhase;
			buildActionMask = 2147483647;
			files = (
			);
			runOnlyForDeploymentPostprocessing = 0;
		};
		07FA337E2B7EEAD3007962BF /* Resources */ = {
			isa = PBXResourcesBuildPhase;
			buildActionMask = 2147483647;
			files = (
			);
			runOnlyForDeploymentPostprocessing = 0;
		};
/* End PBXResourcesBuildPhase section */

/* Begin PBXSourcesBuildPhase section */
		07FA33612B7EEAC8007962BF /* Sources */ = {
			isa = PBXSourcesBuildPhase;
			buildActionMask = 2147483647;
			files = (
				A9BDD2C22B83DD6A002102D2 /* AdventuresTab.swift in Sources */,
				A9BDD2C02B83DD1A002102D2 /* Model.swift in Sources */,
				070915992B8432C2004C6A57 /* Detail.swift in Sources */,
				A90D5AB22B84BD5F002D5904 /* detailBottom.swift in Sources */,
				A90D5AB42B84C113002D5904 /* Rounded.swift in Sources */,
				07FA336B2B7EEAC9007962BF /* ContentView.swift in Sources */,
				079390162B8429CD008A1B04 /* BottomView.swift in Sources */,
				A9BDD2BE2B83DCAC002102D2 /* ExperiencesTab.swift in Sources */,
				0773E81B2B83AC2A00D31534 /* Home.swift in Sources */,
				079390142B842648008A1B04 /* ActivitiesTab.swift in Sources */,
				07FA33692B7EEAC9007962BF /* MobileAppApp.swift in Sources */,
			);
			runOnlyForDeploymentPostprocessing = 0;
		};
		07FA33722B7EEAD3007962BF /* Sources */ = {
			isa = PBXSourcesBuildPhase;
			buildActionMask = 2147483647;
			files = (
				07FA337B2B7EEAD3007962BF /* MobileAppTests.swift in Sources */,
			);
			runOnlyForDeploymentPostprocessing = 0;
		};
		07FA337C2B7EEAD3007962BF /* Sources */ = {
			isa = PBXSourcesBuildPhase;
			buildActionMask = 2147483647;
			files = (
				07FA33872B7EEAD3007962BF /* MobileAppUITestsLaunchTests.swift in Sources */,
				07FA33852B7EEAD3007962BF /* MobileAppUITests.swift in Sources */,
				A9D298C02B80309100AE5B29 /* ContentView.swift in Sources */,
			);
			runOnlyForDeploymentPostprocessing = 0;
		};
/* End PBXSourcesBuildPhase section */

/* Begin PBXTargetDependency section */
		07FA33782B7EEAD3007962BF /* PBXTargetDependency */ = {
			isa = PBXTargetDependency;
			target = 07FA33642B7EEAC8007962BF /* MobileApp */;
			targetProxy = 07FA33772B7EEAD3007962BF /* PBXContainerItemProxy */;
		};
		07FA33822B7EEAD3007962BF /* PBXTargetDependency */ = {
			isa = PBXTargetDependency;
			target = 07FA33642B7EEAC8007962BF /* MobileApp */;
			targetProxy = 07FA33812B7EEAD3007962BF /* PBXContainerItemProxy */;
		};
/* End PBXTargetDependency section */

/* Begin XCBuildConfiguration section */
		07FA33882B7EEAD3007962BF /* Debug */ = {
			isa = XCBuildConfiguration;
			buildSettings = {
				ALWAYS_SEARCH_USER_PATHS = NO;
				CLANG_ANALYZER_NONNULL = YES;
				CLANG_ANALYZER_NUMBER_OBJECT_CONVERSION = YES_AGGRESSIVE;
				CLANG_CXX_LANGUAGE_STANDARD = "gnu++20";
				CLANG_ENABLE_MODULES = YES;
				CLANG_ENABLE_OBJC_ARC = YES;
				CLANG_ENABLE_OBJC_WEAK = YES;
				CLANG_WARN_BLOCK_CAPTURE_AUTORELEASING = YES;
				CLANG_WARN_BOOL_CONVERSION = YES;
				CLANG_WARN_COMMA = YES;
				CLANG_WARN_CONSTANT_CONVERSION = YES;
				CLANG_WARN_DEPRECATED_OBJC_IMPLEMENTATIONS = YES;
				CLANG_WARN_DIRECT_OBJC_ISA_USAGE = YES_ERROR;
				CLANG_WARN_DOCUMENTATION_COMMENTS = YES;
				CLANG_WARN_EMPTY_BODY = YES;
				CLANG_WARN_ENUM_CONVERSION = YES;
				CLANG_WARN_INFINITE_RECURSION = YES;
				CLANG_WARN_INT_CONVERSION = YES;
				CLANG_WARN_NON_LITERAL_NULL_CONVERSION = YES;
				CLANG_WARN_OBJC_IMPLICIT_RETAIN_SELF = YES;
				CLANG_WARN_OBJC_LITERAL_CONVERSION = YES;
				CLANG_WARN_OBJC_ROOT_CLASS = YES_ERROR;
				CLANG_WARN_QUOTED_INCLUDE_IN_FRAMEWORK_HEADER = YES;
				CLANG_WARN_RANGE_LOOP_ANALYSIS = YES;
				CLANG_WARN_STRICT_PROTOTYPES = YES;
				CLANG_WARN_SUSPICIOUS_MOVE = YES;
				CLANG_WARN_UNGUARDED_AVAILABILITY = YES_AGGRESSIVE;
				CLANG_WARN_UNREACHABLE_CODE = YES;
				CLANG_WARN__DUPLICATE_METHOD_MATCH = YES;
				COPY_PHASE_STRIP = NO;
				DEBUG_INFORMATION_FORMAT = dwarf;
				ENABLE_STRICT_OBJC_MSGSEND = YES;
				ENABLE_TESTABILITY = YES;
				GCC_C_LANGUAGE_STANDARD = gnu11;
				GCC_DYNAMIC_NO_PIC = NO;
				GCC_NO_COMMON_BLOCKS = YES;
				GCC_OPTIMIZATION_LEVEL = 0;
				GCC_PREPROCESSOR_DEFINITIONS = (
					"DEBUG=1",
					"$(inherited)",
				);
				GCC_WARN_64_TO_32_BIT_CONVERSION = YES;
				GCC_WARN_ABOUT_RETURN_TYPE = YES_ERROR;
				GCC_WARN_UNDECLARED_SELECTOR = YES;
				GCC_WARN_UNINITIALIZED_AUTOS = YES_AGGRESSIVE;
				GCC_WARN_UNUSED_FUNCTION = YES;
				GCC_WARN_UNUSED_VARIABLE = YES;
				MTL_ENABLE_DEBUG_INFO = INCLUDE_SOURCE;
				MTL_FAST_MATH = YES;
				ONLY_ACTIVE_ARCH = YES;
				SWIFT_ACTIVE_COMPILATION_CONDITIONS = DEBUG;
				SWIFT_OPTIMIZATION_LEVEL = "-Onone";
			};
			name = Debug;
		};
		07FA33892B7EEAD3007962BF /* Release */ = {
			isa = XCBuildConfiguration;
			buildSettings = {
				ALWAYS_SEARCH_USER_PATHS = NO;
				CLANG_ANALYZER_NONNULL = YES;
				CLANG_ANALYZER_NUMBER_OBJECT_CONVERSION = YES_AGGRESSIVE;
				CLANG_CXX_LANGUAGE_STANDARD = "gnu++20";
				CLANG_ENABLE_MODULES = YES;
				CLANG_ENABLE_OBJC_ARC = YES;
				CLANG_ENABLE_OBJC_WEAK = YES;
				CLANG_WARN_BLOCK_CAPTURE_AUTORELEASING = YES;
				CLANG_WARN_BOOL_CONVERSION = YES;
				CLANG_WARN_COMMA = YES;
				CLANG_WARN_CONSTANT_CONVERSION = YES;
				CLANG_WARN_DEPRECATED_OBJC_IMPLEMENTATIONS = YES;
				CLANG_WARN_DIRECT_OBJC_ISA_USAGE = YES_ERROR;
				CLANG_WARN_DOCUMENTATION_COMMENTS = YES;
				CLANG_WARN_EMPTY_BODY = YES;
				CLANG_WARN_ENUM_CONVERSION = YES;
				CLANG_WARN_INFINITE_RECURSION = YES;
				CLANG_WARN_INT_CONVERSION = YES;
				CLANG_WARN_NON_LITERAL_NULL_CONVERSION = YES;
				CLANG_WARN_OBJC_IMPLICIT_RETAIN_SELF = YES;
				CLANG_WARN_OBJC_LITERAL_CONVERSION = YES;
				CLANG_WARN_OBJC_ROOT_CLASS = YES_ERROR;
				CLANG_WARN_QUOTED_INCLUDE_IN_FRAMEWORK_HEADER = YES;
				CLANG_WARN_RANGE_LOOP_ANALYSIS = YES;
				CLANG_WARN_STRICT_PROTOTYPES = YES;
				CLANG_WARN_SUSPICIOUS_MOVE = YES;
				CLANG_WARN_UNGUARDED_AVAILABILITY = YES_AGGRESSIVE;
				CLANG_WARN_UNREACHABLE_CODE = YES;
				CLANG_WARN__DUPLICATE_METHOD_MATCH = YES;
				COPY_PHASE_STRIP = NO;
				DEBUG_INFORMATION_FORMAT = "dwarf-with-dsym";
				ENABLE_NS_ASSERTIONS = NO;
				ENABLE_STRICT_OBJC_MSGSEND = YES;
				GCC_C_LANGUAGE_STANDARD = gnu11;
				GCC_NO_COMMON_BLOCKS = YES;
				GCC_WARN_64_TO_32_BIT_CONVERSION = YES;
				GCC_WARN_ABOUT_RETURN_TYPE = YES_ERROR;
				GCC_WARN_UNDECLARED_SELECTOR = YES;
				GCC_WARN_UNINITIALIZED_AUTOS = YES_AGGRESSIVE;
				GCC_WARN_UNUSED_FUNCTION = YES;
				GCC_WARN_UNUSED_VARIABLE = YES;
				MTL_ENABLE_DEBUG_INFO = NO;
				MTL_FAST_MATH = YES;
				SWIFT_COMPILATION_MODE = wholemodule;
				SWIFT_OPTIMIZATION_LEVEL = "-O";
			};
			name = Release;
		};
		07FA338B2B7EEAD3007962BF /* Debug */ = {
			isa = XCBuildConfiguration;
			buildSettings = {
				ASSETCATALOG_COMPILER_APPICON_NAME = AppIcon;
				ASSETCATALOG_COMPILER_GLOBAL_ACCENT_COLOR_NAME = AccentColor;
				CODE_SIGN_ENTITLEMENTS = MobileApp/MobileApp.entitlements;
				CODE_SIGN_STYLE = Automatic;
				CURRENT_PROJECT_VERSION = 1;
				DEVELOPMENT_ASSET_PATHS = "\"MobileApp/Preview Content\"";
				ENABLE_PREVIEWS = YES;
				GENERATE_INFOPLIST_FILE = YES;
				"INFOPLIST_KEY_UIApplicationSceneManifest_Generation[sdk=iphoneos*]" = YES;
				"INFOPLIST_KEY_UIApplicationSceneManifest_Generation[sdk=iphonesimulator*]" = YES;
				"INFOPLIST_KEY_UIApplicationSupportsIndirectInputEvents[sdk=iphoneos*]" = YES;
				"INFOPLIST_KEY_UIApplicationSupportsIndirectInputEvents[sdk=iphonesimulator*]" = YES;
				"INFOPLIST_KEY_UILaunchScreen_Generation[sdk=iphoneos*]" = YES;
				"INFOPLIST_KEY_UILaunchScreen_Generation[sdk=iphonesimulator*]" = YES;
				"INFOPLIST_KEY_UIStatusBarStyle[sdk=iphoneos*]" = UIStatusBarStyleDefault;
				"INFOPLIST_KEY_UIStatusBarStyle[sdk=iphonesimulator*]" = UIStatusBarStyleDefault;
				INFOPLIST_KEY_UISupportedInterfaceOrientations_iPad = "UIInterfaceOrientationPortrait UIInterfaceOrientationPortraitUpsideDown UIInterfaceOrientationLandscapeLeft UIInterfaceOrientationLandscapeRight";
				INFOPLIST_KEY_UISupportedInterfaceOrientations_iPhone = "UIInterfaceOrientationPortrait UIInterfaceOrientationLandscapeLeft UIInterfaceOrientationLandscapeRight";
				IPHONEOS_DEPLOYMENT_TARGET = 16.4;
				LD_RUNPATH_SEARCH_PATHS = "@executable_path/Frameworks";
				"LD_RUNPATH_SEARCH_PATHS[sdk=macosx*]" = "@executable_path/../Frameworks";
				MACOSX_DEPLOYMENT_TARGET = 13.0;
				MARKETING_VERSION = 1.0;
				PRODUCT_BUNDLE_IDENTIFIER = io.rinesa.MobileApp;
				PRODUCT_NAME = "$(TARGET_NAME)";
				SDKROOT = auto;
				SUPPORTED_PLATFORMS = "iphoneos iphonesimulator macosx";
				SWIFT_EMIT_LOC_STRINGS = YES;
				SWIFT_VERSION = 5.0;
				TARGETED_DEVICE_FAMILY = "1,2";
			};
			name = Debug;
		};
		07FA338C2B7EEAD3007962BF /* Release */ = {
			isa = XCBuildConfiguration;
			buildSettings = {
				ASSETCATALOG_COMPILER_APPICON_NAME = AppIcon;
				ASSETCATALOG_COMPILER_GLOBAL_ACCENT_COLOR_NAME = AccentColor;
				CODE_SIGN_ENTITLEMENTS = MobileApp/MobileApp.entitlements;
				CODE_SIGN_STYLE = Automatic;
				CURRENT_PROJECT_VERSION = 1;
				DEVELOPMENT_ASSET_PATHS = "\"MobileApp/Preview Content\"";
				ENABLE_PREVIEWS = YES;
				GENERATE_INFOPLIST_FILE = YES;
				"INFOPLIST_KEY_UIApplicationSceneManifest_Generation[sdk=iphoneos*]" = YES;
				"INFOPLIST_KEY_UIApplicationSceneManifest_Generation[sdk=iphonesimulator*]" = YES;
				"INFOPLIST_KEY_UIApplicationSupportsIndirectInputEvents[sdk=iphoneos*]" = YES;
				"INFOPLIST_KEY_UIApplicationSupportsIndirectInputEvents[sdk=iphonesimulator*]" = YES;
				"INFOPLIST_KEY_UILaunchScreen_Generation[sdk=iphoneos*]" = YES;
				"INFOPLIST_KEY_UILaunchScreen_Generation[sdk=iphonesimulator*]" = YES;
				"INFOPLIST_KEY_UIStatusBarStyle[sdk=iphoneos*]" = UIStatusBarStyleDefault;
				"INFOPLIST_KEY_UIStatusBarStyle[sdk=iphonesimulator*]" = UIStatusBarStyleDefault;
				INFOPLIST_KEY_UISupportedInterfaceOrientations_iPad = "UIInterfaceOrientationPortrait UIInterfaceOrientationPortraitUpsideDown UIInterfaceOrientationLandscapeLeft UIInterfaceOrientationLandscapeRight";
				INFOPLIST_KEY_UISupportedInterfaceOrientations_iPhone = "UIInterfaceOrientationPortrait UIInterfaceOrientationLandscapeLeft UIInterfaceOrientationLandscapeRight";
				IPHONEOS_DEPLOYMENT_TARGET = 16.4;
				LD_RUNPATH_SEARCH_PATHS = "@executable_path/Frameworks";
				"LD_RUNPATH_SEARCH_PATHS[sdk=macosx*]" = "@executable_path/../Frameworks";
				MACOSX_DEPLOYMENT_TARGET = 13.0;
				MARKETING_VERSION = 1.0;
				PRODUCT_BUNDLE_IDENTIFIER = io.rinesa.MobileApp;
				PRODUCT_NAME = "$(TARGET_NAME)";
				SDKROOT = auto;
				SUPPORTED_PLATFORMS = "iphoneos iphonesimulator macosx";
				SWIFT_EMIT_LOC_STRINGS = YES;
				SWIFT_VERSION = 5.0;
				TARGETED_DEVICE_FAMILY = "1,2";
			};
			name = Release;
		};
		07FA338E2B7EEAD3007962BF /* Debug */ = {
			isa = XCBuildConfiguration;
			buildSettings = {
				ALWAYS_EMBED_SWIFT_STANDARD_LIBRARIES = YES;
				BUNDLE_LOADER = "$(TEST_HOST)";
				CODE_SIGN_STYLE = Automatic;
				CURRENT_PROJECT_VERSION = 1;
				GENERATE_INFOPLIST_FILE = YES;
				IPHONEOS_DEPLOYMENT_TARGET = 16.4;
				MACOSX_DEPLOYMENT_TARGET = 13.0;
				MARKETING_VERSION = 1.0;
				PRODUCT_BUNDLE_IDENTIFIER = io.rinesa.MobileAppTests;
				PRODUCT_NAME = "$(TARGET_NAME)";
				SDKROOT = auto;
				SUPPORTED_PLATFORMS = "iphoneos iphonesimulator macosx";
				SWIFT_EMIT_LOC_STRINGS = NO;
				SWIFT_VERSION = 5.0;
				TARGETED_DEVICE_FAMILY = "1,2";
				TEST_HOST = "$(BUILT_PRODUCTS_DIR)/MobileApp.app/$(BUNDLE_EXECUTABLE_FOLDER_PATH)/MobileApp";
			};
			name = Debug;
		};
		07FA338F2B7EEAD3007962BF /* Release */ = {
			isa = XCBuildConfiguration;
			buildSettings = {
				ALWAYS_EMBED_SWIFT_STANDARD_LIBRARIES = YES;
				BUNDLE_LOADER = "$(TEST_HOST)";
				CODE_SIGN_STYLE = Automatic;
				CURRENT_PROJECT_VERSION = 1;
				GENERATE_INFOPLIST_FILE = YES;
				IPHONEOS_DEPLOYMENT_TARGET = 16.4;
				MACOSX_DEPLOYMENT_TARGET = 13.0;
				MARKETING_VERSION = 1.0;
				PRODUCT_BUNDLE_IDENTIFIER = io.rinesa.MobileAppTests;
				PRODUCT_NAME = "$(TARGET_NAME)";
				SDKROOT = auto;
				SUPPORTED_PLATFORMS = "iphoneos iphonesimulator macosx";
				SWIFT_EMIT_LOC_STRINGS = NO;
				SWIFT_VERSION = 5.0;
				TARGETED_DEVICE_FAMILY = "1,2";
				TEST_HOST = "$(BUILT_PRODUCTS_DIR)/MobileApp.app/$(BUNDLE_EXECUTABLE_FOLDER_PATH)/MobileApp";
			};
			name = Release;
		};
		07FA33912B7EEAD3007962BF /* Debug */ = {
			isa = XCBuildConfiguration;
			buildSettings = {
				ALWAYS_EMBED_SWIFT_STANDARD_LIBRARIES = YES;
				CODE_SIGN_STYLE = Automatic;
				CURRENT_PROJECT_VERSION = 1;
				GENERATE_INFOPLIST_FILE = YES;
				IPHONEOS_DEPLOYMENT_TARGET = 16.4;
				MACOSX_DEPLOYMENT_TARGET = 13.0;
				MARKETING_VERSION = 1.0;
				PRODUCT_BUNDLE_IDENTIFIER = io.rinesa.MobileAppUITests;
				PRODUCT_NAME = "$(TARGET_NAME)";
				SDKROOT = auto;
				SUPPORTED_PLATFORMS = "iphoneos iphonesimulator macosx";
				SWIFT_EMIT_LOC_STRINGS = NO;
				SWIFT_VERSION = 5.0;
				TARGETED_DEVICE_FAMILY = "1,2";
				TEST_TARGET_NAME = MobileApp;
			};
			name = Debug;
		};
		07FA33922B7EEAD3007962BF /* Release */ = {
			isa = XCBuildConfiguration;
			buildSettings = {
				ALWAYS_EMBED_SWIFT_STANDARD_LIBRARIES = YES;
				CODE_SIGN_STYLE = Automatic;
				CURRENT_PROJECT_VERSION = 1;
				GENERATE_INFOPLIST_FILE = YES;
				IPHONEOS_DEPLOYMENT_TARGET = 16.4;
				MACOSX_DEPLOYMENT_TARGET = 13.0;
				MARKETING_VERSION = 1.0;
				PRODUCT_BUNDLE_IDENTIFIER = io.rinesa.MobileAppUITests;
				PRODUCT_NAME = "$(TARGET_NAME)";
				SDKROOT = auto;
				SUPPORTED_PLATFORMS = "iphoneos iphonesimulator macosx";
				SWIFT_EMIT_LOC_STRINGS = NO;
				SWIFT_VERSION = 5.0;
				TARGETED_DEVICE_FAMILY = "1,2";
				TEST_TARGET_NAME = MobileApp;
			};
			name = Release;
		};
/* End XCBuildConfiguration section */

/* Begin XCConfigurationList section */
		07FA33602B7EEAC8007962BF /* Build configuration list for PBXProject "MobileApp" */ = {
			isa = XCConfigurationList;
			buildConfigurations = (
				07FA33882B7EEAD3007962BF /* Debug */,
				07FA33892B7EEAD3007962BF /* Release */,
			);
			defaultConfigurationIsVisible = 0;
			defaultConfigurationName = Release;
		};
		07FA338A2B7EEAD3007962BF /* Build configuration list for PBXNativeTarget "MobileApp" */ = {
			isa = XCConfigurationList;
			buildConfigurations = (
				07FA338B2B7EEAD3007962BF /* Debug */,
				07FA338C2B7EEAD3007962BF /* Release */,
			);
			defaultConfigurationIsVisible = 0;
			defaultConfigurationName = Release;
		};
		07FA338D2B7EEAD3007962BF /* Build configuration list for PBXNativeTarget "MobileAppTests" */ = {
			isa = XCConfigurationList;
			buildConfigurations = (
				07FA338E2B7EEAD3007962BF /* Debug */,
				07FA338F2B7EEAD3007962BF /* Release */,
			);
			defaultConfigurationIsVisible = 0;
			defaultConfigurationName = Release;
		};
		07FA33902B7EEAD3007962BF /* Build configuration list for PBXNativeTarget "MobileAppUITests" */ = {
			isa = XCConfigurationList;
			buildConfigurations = (
				07FA33912B7EEAD3007962BF /* Debug */,
				07FA33922B7EEAD3007962BF /* Release */,
			);
			defaultConfigurationIsVisible = 0;
			defaultConfigurationName = Release;
		};
/* End XCConfigurationList section */
	};
	rootObject = 07FA335D2B7EEAC8007962BF /* Project object */;
}
